<?xml version="1.0" encoding="utf-8"?>
<Project ToolsVersion="4.0" xmlns="http://schemas.microsoft.com/developer/msbuild/2003">
  <ItemGroup>
    <Filter Include="源文件">
      <UniqueIdentifier>{4FC737F1-C7A5-4376-A066-2A32D752A2FF}</UniqueIdentifier>
      <Extensions>cpp;c;cc;cxx;c++;cppm;ixx;def;odl;idl;hpj;bat;asm;asmx</Extensions>
    </Filter>
    <Filter Include="头文件">
      <UniqueIdentifier>{93995380-89BD-4b04-88EB-625FBE52EBFB}</UniqueIdentifier>
      <Extensions>h;hh;hpp;hxx;h++;hm;inl;inc;ipp;xsd</Extensions>
    </Filter>
    <Filter Include="资源文件">
      <UniqueIdentifier>{67DA6AB6-F800-4c08-8B7A-83BB121AAD01}</UniqueIdentifier>
      <Extensions>rc;ico;cur;bmp;dlg;rc2;rct;bin;rgs;gif;jpg;jpeg;jpe;resx;tiff;tif;png;wav;mfcribbon-ms</Extensions>
    </Filter>
    <Filter Include="头文件\Handler">
      <UniqueIdentifier>{57ba2ba4-3790-412a-ad6a-a9761b0e4a43}</UniqueIdentifier>
    </Filter>
    <Filter Include="源文件\Handler">
      <UniqueIdentifier>{678a6f38-46e3-4da4-abe0-709a45c40122}</UniqueIdentifier>
    </Filter>
    <Filter Include="头文件\Graphic">
      <UniqueIdentifier>{919f2cb3-c3ee-485f-b6d2-f73f89f8665a}</UniqueIdentifier>
    </Filter>
    <Filter Include="头文件\Math">
      <UniqueIdentifier>{4fa8d08c-1f63-44a1-8f7e-0ad81503400e}</UniqueIdentifier>
    </Filter>
    <Filter Include="头文件\Utils">
      <UniqueIdentifier>{a8b92eb0-4319-4126-84d9-fc63dc707f75}</UniqueIdentifier>
    </Filter>
    <Filter Include="源文件\Graphic">
      <UniqueIdentifier>{bde98d55-7a96-4b0e-a54e-41c0341e9b0c}</UniqueIdentifier>
    </Filter>
    <Filter Include="源文件\Math">
      <UniqueIdentifier>{08316ff7-52b5-41af-9b4b-b6c8a4410a7c}</UniqueIdentifier>
    </Filter>
    <Filter Include="源文件\Utils">
      <UniqueIdentifier>{c9e3d451-de5d-4496-a803-42a13fb2507e}</UniqueIdentifier>
    </Filter>
    <Filter Include="头文件\Shader">
      <UniqueIdentifier>{f6d4142a-0e7e-4776-bfd8-ee44a548a27a}</UniqueIdentifier>
    </Filter>
    <Filter Include="源文件\Shader">
      <UniqueIdentifier>{a9edce2d-a7b4-48b5-a9d4-7d8ad58cb35c}</UniqueIdentifier>
    </Filter>
  </ItemGroup>
  <ItemGroup>
    <ClCompile Include="main.cpp">
      <Filter>源文件</Filter>
    </ClCompile>
    <ClCompile Include="apllication.cpp">
      <Filter>源文件</Filter>
    </ClCompile>
    <ClCompile Include="displayHandler.cpp">
      <Filter>源文件\Handler</Filter>
    </ClCompile>
    <ClCompile Include="inputHandler.cpp">
      <Filter>源文件\Handler</Filter>
    </ClCompile>
    <ClCompile Include="renderHandler.cpp">
      <Filter>源文件\Handler</Filter>
    </ClCompile>
    <ClCompile Include="sceneHandler.cpp">
      <Filter>源文件\Handler</Filter>
    </ClCompile>
    <ClCompile Include="math.cpp">
      <Filter>源文件\Math</Filter>
    </ClCompile>
    <ClCompile Include="scene.cpp">
      <Filter>源文件\Graphic</Filter>
    </ClCompile>
    <ClCompile Include="mesh.cpp">
      <Filter>源文件\Graphic</Filter>
    </ClCompile>
    <ClCompile Include="model.cpp">
      <Filter>源文件\Graphic</Filter>
    </ClCompile>
    <ClCompile Include="camera.cpp">
      <Filter>源文件\Graphic</Filter>
    </ClCompile>
    <ClCompile Include="buffer.cpp">
      <Filter>源文件\Utils</Filter>
    </ClCompile>
    <ClCompile Include="color.cpp">
      <Filter>源文件\Math</Filter>
    </ClCompile>
    <ClCompile Include="shader.cpp">
      <Filter>源文件\Shader</Filter>
    </ClCompile>
    <ClCompile Include="texture.cpp">
      <Filter>源文件\Shader</Filter>
    </ClCompile>
    <ClCompile Include="rasterization.cpp">
      <Filter>源文件\Shader</Filter>
    </ClCompile>
    <ClCompile Include="material.cpp">
      <Filter>源文件\Shader</Filter>
    </ClCompile>
    <ClCompile Include="geometry.cpp">
      <Filter>源文件\Math</Filter>
    </ClCompile>
    <ClCompile Include="tgaImage.cpp">
      <Filter>源文件\Shader</Filter>
    </ClCompile>
  </ItemGroup>
  <ItemGroup>
    <ClInclude Include="apllication.h">
      <Filter>头文件</Filter>
    </ClInclude>
    <ClInclude Include="sceneHandler.h">
      <Filter>头文件\Handler</Filter>
    </ClInclude>
    <ClInclude Include="displayHandler.h">
      <Filter>头文件\Handler</Filter>
    </ClInclude>
    <ClInclude Include="inputHandler.h">
      <Filter>头文件\Handler</Filter>
    </ClInclude>
    <ClInclude Include="renderHandler.h">
      <Filter>头文件\Handler</Filter>
    </ClInclude>
    <ClInclude Include="math.h">
      <Filter>头文件\Math</Filter>
    </ClInclude>
    <ClInclude Include="resource.h">
      <Filter>头文件</Filter>
    </ClInclude>
    <ClInclude Include="model.h">
      <Filter>头文件\Graphic</Filter>
    </ClInclude>
    <ClInclude Include="scene.h">
      <Filter>头文件\Graphic</Filter>
    </ClInclude>
    <ClInclude Include="mesh.h">
      <Filter>头文件\Graphic</Filter>
    </ClInclude>
    <ClInclude Include="camera.h">
      <Filter>头文件\Graphic</Filter>
    </ClInclude>
    <ClInclude Include="buffer.h">
      <Filter>头文件\Utils</Filter>
    </ClInclude>
    <ClInclude Include="color.h">
      <Filter>头文件\Math</Filter>
    </ClInclude>
    <ClInclude Include="shader.h">
      <Filter>头文件\Shader</Filter>
    </ClInclude>
    <ClInclude Include="texture.h">
      <Filter>头文件\Shader</Filter>
    </ClInclude>
    <ClInclude Include="rasterization.h">
      <Filter>头文件\Shader</Filter>
    </ClInclude>
    <ClInclude Include="material.h">
      <Filter>头文件\Shader</Filter>
    </ClInclude>
    <ClInclude Include="geometry.h">
      <Filter>头文件\Math</Filter>
    </ClInclude>
    <ClInclude Include="tgaImage.h">
      <Filter>头文件\Shader</Filter>
    </ClInclude>
  </ItemGroup>
  <ItemGroup>
    <ResourceCompile Include="ARender_SDL.rc">
      <Filter>资源文件</Filter>
    </ResourceCompile>
  </ItemGroup>
</Project>